// !$*UTF8*$!
{
	archiveVersion = 1;
	classes = {
	};
	objectVersion = 55;
	objects = {

/* Begin PBXBuildFile section */
		4E44767D27752C5200E0998F /* shporgalka WatchKit App.app in Embed Watch Content */ = {isa = PBXBuildFile; fileRef = 4E44767C27752C5200E0998F /* shporgalka WatchKit App.app */; settings = {ATTRIBUTES = (RemoveHeadersOnCopy, ); }; };
		4E44768227752C5500E0998F /* Assets.xcassets in Resources */ = {isa = PBXBuildFile; fileRef = 4E44768127752C5500E0998F /* Assets.xcassets */; };
		4E44768827752C5500E0998F /* shporgalka WatchKit Extension.appex in Embed App Extensions */ = {isa = PBXBuildFile; fileRef = 4E44768727752C5500E0998F /* shporgalka WatchKit Extension.appex */; settings = {ATTRIBUTES = (RemoveHeadersOnCopy, ); }; };
		4E44768D27752C5500E0998F /* ContentView.swift in Sources */ = {isa = PBXBuildFile; fileRef = 4E44768C27752C5500E0998F /* ContentView.swift */; };
		4E44768F27752C5500E0998F /* shporgalkaApp.swift in Sources */ = {isa = PBXBuildFile; fileRef = 4E44768E27752C5500E0998F /* shporgalkaApp.swift */; };
		4E44769127752C5500E0998F /* ComplicationController.swift in Sources */ = {isa = PBXBuildFile; fileRef = 4E44769027752C5500E0998F /* ComplicationController.swift */; };
		4E44769327752C5600E0998F /* Assets.xcassets in Resources */ = {isa = PBXBuildFile; fileRef = 4E44769227752C5600E0998F /* Assets.xcassets */; };
		4E44769627752C5600E0998F /* Preview Assets.xcassets in Resources */ = {isa = PBXBuildFile; fileRef = 4E44769527752C5600E0998F /* Preview Assets.xcassets */; };
/* End PBXBuildFile section */

/* Begin PBXContainerItemProxy section */
		4E44767E27752C5200E0998F /* PBXContainerItemProxy */ = {
			isa = PBXContainerItemProxy;
			containerPortal = 4E44767227752C5200E0998F /* Project object */;
			proxyType = 1;
			remoteGlobalIDString = 4E44767B27752C5200E0998F;
			remoteInfo = "shporgalka WatchKit App";
		};
		4E44768927752C5500E0998F /* PBXContainerItemProxy */ = {
			isa = PBXContainerItemProxy;
			containerPortal = 4E44767227752C5200E0998F /* Project object */;
			proxyType = 1;
			remoteGlobalIDString = 4E44768627752C5500E0998F;
			remoteInfo = "shporgalka WatchKit Extension";
		};
/* End PBXContainerItemProxy section */

/* Begin PBXCopyFilesBuildPhase section */
		4E44769D27752C5600E0998F /* Embed App Extensions */ = {
			isa = PBXCopyFilesBuildPhase;
			buildActionMask = 2147483647;
			dstPath = "";
			dstSubfolderSpec = 13;
			files = (
				4E44768827752C5500E0998F /* shporgalka WatchKit Extension.appex in Embed App Extensions */,
			);
			name = "Embed App Extensions";
			runOnlyForDeploymentPostprocessing = 0;
		};
		4E4476A127752C5600E0998F /* Embed Watch Content */ = {
			isa = PBXCopyFilesBuildPhase;
			buildActionMask = 2147483647;
			dstPath = "$(CONTENTS_FOLDER_PATH)/Watch";
			dstSubfolderSpec = 16;
			files = (
				4E44767D27752C5200E0998F /* shporgalka WatchKit App.app in Embed Watch Content */,
			);
			name = "Embed Watch Content";
			runOnlyForDeploymentPostprocessing = 0;
		};
/* End PBXCopyFilesBuildPhase section */

/* Begin PBXFileReference section */
		4E44767827752C5200E0998F /* shporgalka.app */ = {isa = PBXFileReference; explicitFileType = wrapper.application; includeInIndex = 0; path = shporgalka.app; sourceTree = BUILT_PRODUCTS_DIR; };
		4E44767C27752C5200E0998F /* shporgalka WatchKit App.app */ = {isa = PBXFileReference; explicitFileType = wrapper.application; includeInIndex = 0; path = "shporgalka WatchKit App.app"; sourceTree = BUILT_PRODUCTS_DIR; };
		4E44768127752C5500E0998F /* Assets.xcassets */ = {isa = PBXFileReference; lastKnownFileType = folder.assetcatalog; path = Assets.xcassets; sourceTree = "<group>"; };
		4E44768727752C5500E0998F /* shporgalka WatchKit Extension.appex */ = {isa = PBXFileReference; explicitFileType = "wrapper.app-extension"; includeInIndex = 0; path = "shporgalka WatchKit Extension.appex"; sourceTree = BUILT_PRODUCTS_DIR; };
		4E44768C27752C5500E0998F /* ContentView.swift */ = {isa = PBXFileReference; lastKnownFileType = sourcecode.swift; path = ContentView.swift; sourceTree = "<group>"; };
		4E44768E27752C5500E0998F /* shporgalkaApp.swift */ = {isa = PBXFileReference; lastKnownFileType = sourcecode.swift; path = shporgalkaApp.swift; sourceTree = "<group>"; };
		4E44769027752C5500E0998F /* ComplicationController.swift */ = {isa = PBXFileReference; lastKnownFileType = sourcecode.swift; path = ComplicationController.swift; sourceTree = "<group>"; };
		4E44769227752C5600E0998F /* Assets.xcassets */ = {isa = PBXFileReference; lastKnownFileType = folder.assetcatalog; path = Assets.xcassets; sourceTree = "<group>"; };
		4E44769527752C5600E0998F /* Preview Assets.xcassets */ = {isa = PBXFileReference; lastKnownFileType = folder.assetcatalog; path = "Preview Assets.xcassets"; sourceTree = "<group>"; };
		4E44769727752C5600E0998F /* Info.plist */ = {isa = PBXFileReference; lastKnownFileType = text.plist.xml; path = Info.plist; sourceTree = "<group>"; };
/* End PBXFileReference section */

/* Begin PBXFrameworksBuildPhase section */
		4E44768427752C5500E0998F /* Frameworks */ = {
			isa = PBXFrameworksBuildPhase;
			buildActionMask = 2147483647;
			files = (
			);
			runOnlyForDeploymentPostprocessing = 0;
		};
/* End PBXFrameworksBuildPhase section */

/* Begin PBXGroup section */
		4E44767127752C5200E0998F = {
			isa = PBXGroup;
			children = (
				4E44768027752C5200E0998F /* shporgalka WatchKit App */,
				4E44768B27752C5500E0998F /* shporgalka WatchKit Extension */,
				4E44767927752C5200E0998F /* Products */,
			);
			sourceTree = "<group>";
		};
		4E44767927752C5200E0998F /* Products */ = {
			isa = PBXGroup;
			children = (
				4E44767827752C5200E0998F /* shporgalka.app */,
				4E44767C27752C5200E0998F /* shporgalka WatchKit App.app */,
				4E44768727752C5500E0998F /* shporgalka WatchKit Extension.appex */,
			);
			name = Products;
			sourceTree = "<group>";
		};
		4E44768027752C5200E0998F /* shporgalka WatchKit App */ = {
			isa = PBXGroup;
			children = (
				4E44768127752C5500E0998F /* Assets.xcassets */,
			);
			path = "shporgalka WatchKit App";
			sourceTree = "<group>";
		};
		4E44768B27752C5500E0998F /* shporgalka WatchKit Extension */ = {
			isa = PBXGroup;
			children = (
				4E44768C27752C5500E0998F /* ContentView.swift */,
				4E44768E27752C5500E0998F /* shporgalkaApp.swift */,
				4E44769027752C5500E0998F /* ComplicationController.swift */,
				4E44769227752C5600E0998F /* Assets.xcassets */,
				4E44769727752C5600E0998F /* Info.plist */,
				4E44769427752C5600E0998F /* Preview Content */,
			);
			path = "shporgalka WatchKit Extension";
			sourceTree = "<group>";
		};
		4E44769427752C5600E0998F /* Preview Content */ = {
			isa = PBXGroup;
			children = (
				4E44769527752C5600E0998F /* Preview Assets.xcassets */,
			);
			path = "Preview Content";
			sourceTree = "<group>";
		};
/* End PBXGroup section */

/* Begin PBXNativeTarget section */
		4E44767727752C5200E0998F /* shporgalka */ = {
			isa = PBXNativeTarget;
			buildConfigurationList = 4E4476A227752C5600E0998F /* Build configuration list for PBXNativeTarget "shporgalka" */;
			buildPhases = (
				4E44767627752C5200E0998F /* Resources */,
				4E4476A127752C5600E0998F /* Embed Watch Content */,
			);
			buildRules = (
			);
			dependencies = (
				4E44767F27752C5200E0998F /* PBXTargetDependency */,
			);
			name = shporgalka;
			productName = shporgalka;
			productReference = 4E44767827752C5200E0998F /* shporgalka.app */;
			productType = "com.apple.product-type.application.watchapp2-container";
		};
		4E44767B27752C5200E0998F /* shporgalka WatchKit App */ = {
			isa = PBXNativeTarget;
			buildConfigurationList = 4E44769E27752C5600E0998F /* Build configuration list for PBXNativeTarget "shporgalka WatchKit App" */;
			buildPhases = (
				4E44767A27752C5200E0998F /* Resources */,
				4E44769D27752C5600E0998F /* Embed App Extensions */,
			);
			buildRules = (
			);
			dependencies = (
				4E44768A27752C5500E0998F /* PBXTargetDependency */,
			);
			name = "shporgalka WatchKit App";
			productName = "shporgalka WatchKit App";
			productReference = 4E44767C27752C5200E0998F /* shporgalka WatchKit App.app */;
			productType = "com.apple.product-type.application.watchapp2";
		};
		4E44768627752C5500E0998F /* shporgalka WatchKit Extension */ = {
			isa = PBXNativeTarget;
			buildConfigurationList = 4E44769A27752C5600E0998F /* Build configuration list for PBXNativeTarget "shporgalka WatchKit Extension" */;
			buildPhases = (
				4E44768327752C5500E0998F /* Sources */,
				4E44768427752C5500E0998F /* Frameworks */,
				4E44768527752C5500E0998F /* Resources */,
			);
			buildRules = (
			);
			dependencies = (
			);
			name = "shporgalka WatchKit Extension";
			productName = "shporgalka WatchKit Extension";
			productReference = 4E44768727752C5500E0998F /* shporgalka WatchKit Extension.appex */;
			productType = "com.apple.product-type.watchkit2-extension";
		};
/* End PBXNativeTarget section */

/* Begin PBXProject section */
		4E44767227752C5200E0998F /* Project object */ = {
			isa = PBXProject;
			attributes = {
				BuildIndependentTargetsInParallel = 1;
				LastSwiftUpdateCheck = 1310;
				LastUpgradeCheck = 1310;
				TargetAttributes = {
					4E44767727752C5200E0998F = {
						CreatedOnToolsVersion = 13.1;
					};
					4E44767B27752C5200E0998F = {
						CreatedOnToolsVersion = 13.1;
					};
					4E44768627752C5500E0998F = {
						CreatedOnToolsVersion = 13.1;
					};
				};
			};
			buildConfigurationList = 4E44767527752C5200E0998F /* Build configuration list for PBXProject "shporgalka" */;
			compatibilityVersion = "Xcode 13.0";
			developmentRegion = en;
			hasScannedForEncodings = 0;
			knownRegions = (
				en,
				Base,
			);
			mainGroup = 4E44767127752C5200E0998F;
			productRefGroup = 4E44767927752C5200E0998F /* Products */;
			projectDirPath = "";
			projectRoot = "";
			targets = (
				4E44767727752C5200E0998F /* shporgalka */,
				4E44767B27752C5200E0998F /* shporgalka WatchKit App */,
				4E44768627752C5500E0998F /* shporgalka WatchKit Extension */,
			);
		};
/* End PBXProject section */

/* Begin PBXResourcesBuildPhase section */
		4E44767627752C5200E0998F /* Resources */ = {
			isa = PBXResourcesBuildPhase;
			buildActionMask = 2147483647;
			files = (
			);
			runOnlyForDeploymentPostprocessing = 0;
		};
		4E44767A27752C5200E0998F /* Resources */ = {
			isa = PBXResourcesBuildPhase;
			buildActionMask = 2147483647;
			files = (
				4E44768227752C5500E0998F /* Assets.xcassets in Resources */,
			);
			runOnlyForDeploymentPostprocessing = 0;
		};
		4E44768527752C5500E0998F /* Resources */ = {
			isa = PBXResourcesBuildPhase;
			buildActionMask = 2147483647;
			files = (
				4E44769627752C5600E0998F /* Preview Assets.xcassets in Resources */,
				4E44769327752C5600E0998F /* Assets.xcassets in Resources */,
			);
			runOnlyForDeploymentPostprocessing = 0;
		};
/* End PBXResourcesBuildPhase section */

/* Begin PBXSourcesBuildPhase section */
		4E44768327752C5500E0998F /* Sources */ = {
			isa = PBXSourcesBuildPhase;
			buildActionMask = 2147483647;
			files = (
				4E44768D27752C5500E0998F /* ContentView.swift in Sources */,
				4E44768F27752C5500E0998F /* shporgalkaApp.swift in Sources */,
				4E44769127752C5500E0998F /* ComplicationController.swift in Sources */,
			);
			runOnlyForDeploymentPostprocessing = 0;
		};
/* End PBXSourcesBuildPhase section */

/* Begin PBXTargetDependency section */
		4E44767F27752C5200E0998F /* PBXTargetDependency */ = {
			isa = PBXTargetDependency;
			target = 4E44767B27752C5200E0998F /* shporgalka WatchKit App */;
			targetProxy = 4E44767E27752C5200E0998F /* PBXContainerItemProxy */;
		};
		4E44768A27752C5500E0998F /* PBXTargetDependency */ = {
			isa = PBXTargetDependency;
			target = 4E44768627752C5500E0998F /* shporgalka WatchKit Extension */;
			targetProxy = 4E44768927752C5500E0998F /* PBXContainerItemProxy */;
		};
/* End PBXTargetDependency section */

/* Begin XCBuildConfiguration section */
		4E44769827752C5600E0998F /* Debug */ = {
			isa = XCBuildConfiguration;
			buildSettings = {
				ALWAYS_SEARCH_USER_PATHS = NO;
				CLANG_ANALYZER_NONNULL = YES;
				CLANG_ANALYZER_NUMBER_OBJECT_CONVERSION = YES_AGGRESSIVE;
				CLANG_CXX_LANGUAGE_STANDARD = "gnu++17";
				CLANG_CXX_LIBRARY = "libc++";
				CLANG_ENABLE_MODULES = YES;
				CLANG_ENABLE_OBJC_ARC = YES;
				CLANG_ENABLE_OBJC_WEAK = YES;
				CLANG_WARN_BLOCK_CAPTURE_AUTORELEASING = YES;
				CLANG_WARN_BOOL_CONVERSION = YES;
				CLANG_WARN_COMMA = YES;
				CLANG_WARN_CONSTANT_CONVERSION = YES;
				CLANG_WARN_DEPRECATED_OBJC_IMPLEMENTATIONS = YES;
				CLANG_WARN_DIRECT_OBJC_ISA_USAGE = YES_ERROR;
				CLANG_WARN_DOCUMENTATION_COMMENTS = YES;
				CLANG_WARN_EMPTY_BODY = YES;
				CLANG_WARN_ENUM_CONVERSION = YES;
				CLANG_WARN_INFINITE_RECURSION = YES;
				CLANG_WARN_INT_CONVERSION = YES;
				CLANG_WARN_NON_LITERAL_NULL_CONVERSION = YES;
				CLANG_WARN_OBJC_IMPLICIT_RETAIN_SELF = YES;
				CLANG_WARN_OBJC_LITERAL_CONVERSION = YES;
				CLANG_WARN_OBJC_ROOT_CLASS = YES_ERROR;
				CLANG_WARN_QUOTED_INCLUDE_IN_FRAMEWORK_HEADER = YES;
				CLANG_WARN_RANGE_LOOP_ANALYSIS = YES;
				CLANG_WARN_STRICT_PROTOTYPES = YES;
				CLANG_WARN_SUSPICIOUS_MOVE = YES;
				CLANG_WARN_UNGUARDED_AVAILABILITY = YES_AGGRESSIVE;
				CLANG_WARN_UNREACHABLE_CODE = YES;
				CLANG_WARN__DUPLICATE_METHOD_MATCH = YES;
				COPY_PHASE_STRIP = NO;
				DEBUG_INFORMATION_FORMAT = dwarf;
				ENABLE_STRICT_OBJC_MSGSEND = YES;
				ENABLE_TESTABILITY = YES;
				GCC_C_LANGUAGE_STANDARD = gnu11;
				GCC_DYNAMIC_NO_PIC = NO;
				GCC_NO_COMMON_BLOCKS = YES;
				GCC_OPTIMIZATION_LEVEL = 0;
				GCC_PREPROCESSOR_DEFINITIONS = (
					"DEBUG=1",
					"$(inherited)",
				);
				GCC_WARN_64_TO_32_BIT_CONVERSION = YES;
				GCC_WARN_ABOUT_RETURN_TYPE = YES_ERROR;
				GCC_WARN_UNDECLARED_SELECTOR = YES;
				GCC_WARN_UNINITIALIZED_AUTOS = YES_AGGRESSIVE;
				GCC_WARN_UNUSED_FUNCTION = YES;
				GCC_WARN_UNUSED_VARIABLE = YES;
				MTL_ENABLE_DEBUG_INFO = INCLUDE_SOURCE;
				MTL_FAST_MATH = YES;
				ONLY_ACTIVE_ARCH = YES;
				SDKROOT = iphoneos;
				SWIFT_ACTIVE_COMPILATION_CONDITIONS = DEBUG;
				SWIFT_OPTIMIZATION_LEVEL = "-Onone";
			};
			name = Debug;
		};
		4E44769927752C5600E0998F /* Release */ = {
			isa = XCBuildConfiguration;
			buildSettings = {
				ALWAYS_SEARCH_USER_PATHS = NO;
				CLANG_ANALYZER_NONNULL = YES;
				CLANG_ANALYZER_NUMBER_OBJECT_CONVERSION = YES_AGGRESSIVE;
				CLANG_CXX_LANGUAGE_STANDARD = "gnu++17";
				CLANG_CXX_LIBRARY = "libc++";
				CLANG_ENABLE_MODULES = YES;
				CLANG_ENABLE_OBJC_ARC = YES;
				CLANG_ENABLE_OBJC_WEAK = YES;
				CLANG_WARN_BLOCK_CAPTURE_AUTORELEASING = YES;
				CLANG_WARN_BOOL_CONVERSION = YES;
				CLANG_WARN_COMMA = YES;
				CLANG_WARN_CONSTANT_CONVERSION = YES;
				CLANG_WARN_DEPRECATED_OBJC_IMPLEMENTATIONS = YES;
				CLANG_WARN_DIRECT_OBJC_ISA_USAGE = YES_ERROR;
				CLANG_WARN_DOCUMENTATION_COMMENTS = YES;
				CLANG_WARN_EMPTY_BODY = YES;
				CLANG_WARN_ENUM_CONVERSION = YES;
				CLANG_WARN_INFINITE_RECURSION = YES;
				CLANG_WARN_INT_CONVERSION = YES;
				CLANG_WARN_NON_LITERAL_NULL_CONVERSION = YES;
				CLANG_WARN_OBJC_IMPLICIT_RETAIN_SELF = YES;
				CLANG_WARN_OBJC_LITERAL_CONVERSION = YES;
				CLANG_WARN_OBJC_ROOT_CLASS = YES_ERROR;
				CLANG_WARN_QUOTED_INCLUDE_IN_FRAMEWORK_HEADER = YES;
				CLANG_WARN_RANGE_LOOP_ANALYSIS = YES;
				CLANG_WARN_STRICT_PROTOTYPES = YES;
				CLANG_WARN_SUSPICIOUS_MOVE = YES;
				CLANG_WARN_UNGUARDED_AVAILABILITY = YES_AGGRESSIVE;
				CLANG_WARN_UNREACHABLE_CODE = YES;
				CLANG_WARN__DUPLICATE_METHOD_MATCH = YES;
				COPY_PHASE_STRIP = NO;
				DEBUG_INFORMATION_FORMAT = "dwarf-with-dsym";
				ENABLE_NS_ASSERTIONS = NO;
				ENABLE_STRICT_OBJC_MSGSEND = YES;
				GCC_C_LANGUAGE_STANDARD = gnu11;
				GCC_NO_COMMON_BLOCKS = YES;
				GCC_WARN_64_TO_32_BIT_CONVERSION = YES;
				GCC_WARN_ABOUT_RETURN_TYPE = YES_ERROR;
				GCC_WARN_UNDECLARED_SELECTOR = YES;
				GCC_WARN_UNINITIALIZED_AUTOS = YES_AGGRESSIVE;
				GCC_WARN_UNUSED_FUNCTION = YES;
				GCC_WARN_UNUSED_VARIABLE = YES;
				MTL_ENABLE_DEBUG_INFO = NO;
				MTL_FAST_MATH = YES;
				SDKROOT = iphoneos;
				SWIFT_COMPILATION_MODE = wholemodule;
				SWIFT_OPTIMIZATION_LEVEL = "-O";
				VALIDATE_PRODUCT = YES;
			};
			name = Release;
		};
		4E44769B27752C5600E0998F /* Debug */ = {
			isa = XCBuildConfiguration;
			buildSettings = {
				ASSETCATALOG_COMPILER_COMPLICATION_NAME = Complication;
				CODE_SIGN_STYLE = Automatic;
				CURRENT_PROJECT_VERSION = 1;
				DEVELOPMENT_ASSET_PATHS = "\"shporgalka WatchKit Extension/Preview Content\"";
				DEVELOPMENT_TEAM = 5PVHGUKPAW;
				ENABLE_PREVIEWS = YES;
				GENERATE_INFOPLIST_FILE = YES;
				INFOPLIST_FILE = "shporgalka WatchKit Extension/Info.plist";
				INFOPLIST_KEY_CFBundleDisplayName = "shporgalka WatchKit Extension";
				INFOPLIST_KEY_CLKComplicationPrincipalClass = "$(PRODUCT_MODULE_NAME).ComplicationController";
				INFOPLIST_KEY_NSHumanReadableCopyright = "";
				INFOPLIST_KEY_WKWatchOnly = YES;
				LD_RUNPATH_SEARCH_PATHS = (
					"$(inherited)",
					"@executable_path/Frameworks",
					"@executable_path/../../Frameworks",
				);
				MARKETING_VERSION = 1.0;
				PRODUCT_BUNDLE_IDENTIFIER = com.CodingKovs.shporgalka.watchkitapp.watchkitextension;
				PRODUCT_NAME = "${TARGET_NAME}";
				SDKROOT = watchos;
				SKIP_INSTALL = YES;
				SWIFT_EMIT_LOC_STRINGS = YES;
				SWIFT_VERSION = 5.0;
				TARGETED_DEVICE_FAMILY = 4;
				WATCHOS_DEPLOYMENT_TARGET = 8.0;
			};
			name = Debug;
		};
		4E44769C27752C5600E0998F /* Release */ = {
			isa = XCBuildConfiguration;
			buildSettings = {
				ASSETCATALOG_COMPILER_COMPLICATION_NAME = Complication;
				CODE_SIGN_STYLE = Automatic;
				CURRENT_PROJECT_VERSION = 1;
				DEVELOPMENT_ASSET_PATHS = "\"shporgalka WatchKit Extension/Preview Content\"";
				DEVELOPMENT_TEAM = 5PVHGUKPAW;
				ENABLE_PREVIEWS = YES;
				GENERATE_INFOPLIST_FILE = YES;
				INFOPLIST_FILE = "shporgalka WatchKit Extension/Info.plist";
				INFOPLIST_KEY_CFBundleDisplayName = "shporgalka WatchKit Extension";
				INFOPLIST_KEY_CLKComplicationPrincipalClass = "$(PRODUCT_MODULE_NAME).ComplicationController";
				INFOPLIST_KEY_NSHumanReadableCopyright = "";
				INFOPLIST_KEY_WKWatchOnly = YES;
				LD_RUNPATH_SEARCH_PATHS = (
					"$(inherited)",
					"@executable_path/Frameworks",
					"@executable_path/../../Frameworks",
				);
				MARKETING_VERSION = 1.0;
				PRODUCT_BUNDLE_IDENTIFIER = com.CodingKovs.shporgalka.watchkitapp.watchkitextension;
				PRODUCT_NAME = "${TARGET_NAME}";
				SDKROOT = watchos;
				SKIP_INSTALL = YES;
				SWIFT_EMIT_LOC_STRINGS = YES;
				SWIFT_VERSION = 5.0;
				TARGETED_DEVICE_FAMILY = 4;
				WATCHOS_DEPLOYMENT_TARGET = 8.0;
			};
			name = Release;
		};
		4E44769F27752C5600E0998F /* Debug */ = {
			isa = XCBuildConfiguration;
			buildSettings = {
				ALWAYS_EMBED_SWIFT_STANDARD_LIBRARIES = YES;
				ASSETCATALOG_COMPILER_APPICON_NAME = AppIcon;
				ASSETCATALOG_COMPILER_GLOBAL_ACCENT_COLOR_NAME = AccentColor;
				CODE_SIGN_STYLE = Automatic;
				CURRENT_PROJECT_VERSION = 1;
				DEVELOPMENT_TEAM = 5PVHGUKPAW;
				GENERATE_INFOPLIST_FILE = YES;
				IBSC_MODULE = shporgalka_WatchKit_Extension;
				INFOPLIST_KEY_CFBundleDisplayName = "shporgalka WatchKit App";
				INFOPLIST_KEY_UISupportedInterfaceOrientations = "UIInterfaceOrientationPortrait UIInterfaceOrientationPortraitUpsideDown";
				MARKETING_VERSION = 1.0;
				PRODUCT_BUNDLE_IDENTIFIER = com.CodingKovs.shporgalka.watchkitapp;
				PRODUCT_NAME = "$(TARGET_NAME)";
				SDKROOT = watchos;
				SKIP_INSTALL = YES;
				SWIFT_EMIT_LOC_STRINGS = YES;
				SWIFT_VERSION = 5.0;
				TARGETED_DEVICE_FAMILY = 4;
				WATCHOS_DEPLOYMENT_TARGET = 8.0;
			};
			name = Debug;
		};
		4E4476A027752C5600E0998F /* Release */ = {
			isa = XCBuildConfiguration;
			buildSettings = {
				ALWAYS_EMBED_SWIFT_STANDARD_LIBRARIES = YES;
				ASSETCATALOG_COMPILER_APPICON_NAME = AppIcon;
				ASSETCATALOG_COMPILER_GLOBAL_ACCENT_COLOR_NAME = AccentColor;
				CODE_SIGN_STYLE = Automatic;
				CURRENT_PROJECT_VERSION = 1;
				DEVELOPMENT_TEAM = 5PVHGUKPAW;
				GENERATE_INFOPLIST_FILE = YES;
				IBSC_MODULE = shporgalka_WatchKit_Extension;
				INFOPLIST_KEY_CFBundleDisplayName = "shporgalka WatchKit App";
				INFOPLIST_KEY_UISupportedInterfaceOrientations = "UIInterfaceOrientationPortrait UIInterfaceOrientationPortraitUpsideDown";
				MARKETING_VERSION = 1.0;
				PRODUCT_BUNDLE_IDENTIFIER = com.CodingKovs.shporgalka.watchkitapp;
				PRODUCT_NAME = "$(TARGET_NAME)";
				SDKROOT = watchos;
				SKIP_INSTALL = YES;
				SWIFT_EMIT_LOC_STRINGS = YES;
				SWIFT_VERSION = 5.0;
				TARGETED_DEVICE_FAMILY = 4;
				WATCHOS_DEPLOYMENT_TARGET = 8.0;
			};
			name = Release;
		};
		4E4476A327752C5600E0998F /* Debug */ = {
			isa = XCBuildConfiguration;
			buildSettings = {
				CODE_SIGN_STYLE = Automatic;
				CURRENT_PROJECT_VERSION = 1;
				DEVELOPMENT_TEAM = 5PVHGUKPAW;
				MARKETING_VERSION = 1.0;
				PRODUCT_BUNDLE_IDENTIFIER = com.CodingKovs.shporgalka;
				PRODUCT_NAME = "$(TARGET_NAME)";
				SWIFT_VERSION = 5.0;
			};
			name = Debug;
		};
		4E4476A427752C5600E0998F /* Release */ = {
			isa = XCBuildConfiguration;
			buildSettings = {
				CODE_SIGN_STYLE = Automatic;
				CURRENT_PROJECT_VERSION = 1;
				DEVELOPMENT_TEAM = 5PVHGUKPAW;
				MARKETING_VERSION = 1.0;
				PRODUCT_BUNDLE_IDENTIFIER = com.CodingKovs.shporgalka;
				PRODUCT_NAME = "$(TARGET_NAME)";
				SWIFT_VERSION = 5.0;
			};
			name = Release;
		};
/* End XCBuildConfiguration section */

/* Begin XCConfigurationList section */
		4E44767527752C5200E0998F /* Build configuration list for PBXProject "shporgalka" */ = {
			isa = XCConfigurationList;
			buildConfigurations = (
				4E44769827752C5600E0998F /* Debug */,
				4E44769927752C5600E0998F /* Release */,
			);
			defaultConfigurationIsVisible = 0;
			defaultConfigurationName = Release;
		};
		4E44769A27752C5600E0998F /* Build configuration list for PBXNativeTarget "shporgalka WatchKit Extension" */ = {
			isa = XCConfigurationList;
			buildConfigurations = (
				4E44769B27752C5600E0998F /* Debug */,
				4E44769C27752C5600E0998F /* Release */,
			);
			defaultConfigurationIsVisible = 0;
			defaultConfigurationName = Release;
		};
		4E44769E27752C5600E0998F /* Build configuration list for PBXNativeTarget "shporgalka WatchKit App" */ = {
			isa = XCConfigurationList;
			buildConfigurations = (
				4E44769F27752C5600E0998F /* Debug */,
				4E4476A027752C5600E0998F /* Release */,
			);
			defaultConfigurationIsVisible = 0;
			defaultConfigurationName = Release;
		};
		4E4476A227752C5600E0998F /* Build configuration list for PBXNativeTarget "shporgalka" */ = {
			isa = XCConfigurationList;
			buildConfigurations = (
				4E4476A327752C5600E0998F /* Debug */,
				4E4476A427752C5600E0998F /* Release */,
			);
			defaultConfigurationIsVisible = 0;
			defaultConfigurationName = Release;
		};
/* End XCConfigurationList section */
	};
	rootObject = 4E44767227752C5200E0998F /* Project object */;
}
